
Microsoft Visual Studio Solution File, Format Version 12.00
# Visual Studio Version 17
VisualStudioVersion = 17.11.35327.3
MinimumVisualStudioVersion = 10.0.40219.1
Project("{FAE04EC0-301F-11D3-BF4B-00C04F79EFBC}") = "PrelimExam", "PrelimExam.csproj", "{E054B4FD-B7E4-4556-A8CF-0B6BD5489558}"
EndProject
Global
	GlobalSection(SolutionConfigurationPlatforms) = preSolution
		Debug|Any CPU = Debug|Any CPU
		Release|Any CPU = Release|Any CPU
	EndGlobalSection
	GlobalSection(ProjectConfigurationPlatforms) = postSolution
		{E054B4FD-B7E4-4556-A8CF-0B6BD5489558}.Debug|Any CPU.ActiveCfg = Debug|Any CPU
		{E054B4FD-B7E4-4556-A8CF-0B6BD5489558}.Debug|Any CPU.Build.0 = Debug|Any CPU
		{E054B4FD-B7E4-4556-A8CF-0B6BD5489558}.Release|Any CPU.ActiveCfg = Release|Any CPU
		{E054B4FD-B7E4-4556-A8CF-0B6BD5489558}.Release|Any CPU.Build.0 = Release|Any CPU
	EndGlobalSection
	GlobalSection(SolutionProperties) = preSolution
		HideSolutionNode = FALSE
	EndGlobalSection
	GlobalSection(ExtensibilityGlobals) = postSolution
		SolutionGuid = {0EF55CBD-51F4-442A-91DD-394C91F2E6EA}
	EndGlobalSection
EndGlobal
